
Microsoft Visual Studio Solution File, Format Version 12.00
# Visual Studio Version 16
VisualStudioVersion = 16.0.31911.196
MinimumVisualStudioVersion = 10.0.40219.1
Project("{FAE04EC0-301F-11D3-BF4B-00C04F79EFBC}") = "PROJECT!", "PROJECT!\PROJECT!.csproj", "{32B64ECC-8D05-4ED7-88A3-227742CE0AEF}"
EndProject
Global
	GlobalSection(SolutionConfigurationPlatforms) = preSolution
		Debug|Any CPU = Debug|Any CPU
		Release|Any CPU = Release|Any CPU
	EndGlobalSection
	GlobalSection(ProjectConfigurationPlatforms) = postSolution
		{32B64ECC-8D05-4ED7-88A3-227742CE0AEF}.Debug|Any CPU.ActiveCfg = Debug|Any CPU
		{32B64ECC-8D05-4ED7-88A3-227742CE0AEF}.Debug|Any CPU.Build.0 = Debug|Any CPU
		{32B64ECC-8D05-4ED7-88A3-227742CE0AEF}.Release|Any CPU.ActiveCfg = Release|Any CPU
		{32B64ECC-8D05-4ED7-88A3-227742CE0AEF}.Release|Any CPU.Build.0 = Release|Any CPU
	EndGlobalSection
	GlobalSection(SolutionProperties) = preSolution
		HideSolutionNode = FALSE
	EndGlobalSection
	GlobalSection(ExtensibilityGlobals) = postSolution
		SolutionGuid = {AE1425F1-056E-41B9-9B6F-A91659858DCC}
	EndGlobalSection
EndGlobal
